# This file is autogenerated, do not edit; changes may be undone by the next 'dep ensure'.


[[projects]]
  branch = "master"
  name = "github.com/avct/uasurfer"
  packages = ["."]
  revision = "c4be5581ec9617d04f5c5e02b893903ead0b1eed"

[[projects]]
  name = "github.com/blang/semver"
  packages = ["."]
  revision = "2ee87856327ba09384cabd113bc6b5d174e9ec0f"
  version = "v3.5.1"

[[projects]]
  branch = "master"
  name = "github.com/mileusna/useragent"
  packages = ["."]
  revision = "a77e51dd1c9722efd7ded0ce7d44a22cc277e074"

[[projects]]
  branch = "master"
  name = "github.com/varstr/uaparser"
  packages = ["."]
  revision = "6aabb7c4e98cc69fcbdebe9b5795ca74249996e7"

[[projects]]
  branch = "master"
  name = "xojoc.pw/useragent"
  packages = ["."]
  revision = "52903803fc66eef0fce52f158ea57bb3b3feacfe"

[solve-meta]
  analyzer-name = "dep"
  analyzer-version = 1
  inputs-digest = "7fe9197e0fa0c9f041a186ff3c08b19214ef480e47fc0061c97389ef45e4493a"
  solver-name = "gps-cdcl"
  solver-version = 1
